
Microsoft Visual Studio Solution File, Format Version 12.00
# Visual Studio Version 16
VisualStudioVersion = 16.0.29020.237
MinimumVisualStudioVersion = 10.0.40219.1
Project("{2150E333-8FDC-42A3-9474-1A3956D46DE8}") = "gateways", "gateways", "{F6344E92-AF18-4669-9025-4C6A6E3DDA0F}"
EndProject
Project("{2150E333-8FDC-42A3-9474-1A3956D46DE8}") = "modules", "modules", "{AF2E3F2B-F76C-4954-B985-34C7A94D4313}"
EndProject
Project("{2150E333-8FDC-42A3-9474-1A3956D46DE8}") = "base", "base", "{F8C4C8E3-96CB-4027-942C-0D42DCA019EE}"
EndProject
Project("{9A19103F-16F7-4668-BE54-9A1E7A4F7556}") = "Base.Application", "modules\base\src\Base.Application\Base.Application.csproj", "{8E5FC2D5-7C53-41A2-9AC7-1F2B19713A96}"
EndProject
Project("{9A19103F-16F7-4668-BE54-9A1E7A4F7556}") = "Base.Application.Contracts", "modules\base\src\Base.Application.Contracts\Base.Application.Contracts.csproj", "{6C164177-4D85-41F8-9515-D9AC8D22B2F5}"
EndProject
Project("{9A19103F-16F7-4668-BE54-9A1E7A4F7556}") = "Base.Domain", "modules\base\src\Base.Domain\Base.Domain.csproj", "{25E37E75-0F66-4620-8060-8D1879FCADFE}"
EndProject
Project("{9A19103F-16F7-4668-BE54-9A1E7A4F7556}") = "Base.Domain.Shared", "modules\base\src\Base.Domain.Shared\Base.Domain.Shared.csproj", "{49A7EE8C-6BA3-484E-AEC8-9C88BEAEE53C}"
EndProject
Project("{9A19103F-16F7-4668-BE54-9A1E7A4F7556}") = "Base.EntityFrameworkCore", "modules\base\src\Base.EntityFrameworkCore\Base.EntityFrameworkCore.csproj", "{4D14A575-C5DF-4B2B-9C6A-94AA06BE9963}"
EndProject
Project("{9A19103F-16F7-4668-BE54-9A1E7A4F7556}") = "Base.HttpApi", "modules\base\src\Base.HttpApi\Base.HttpApi.csproj", "{547E2719-D457-4E66-A502-A69FE7FE924A}"
EndProject
Project("{9A19103F-16F7-4668-BE54-9A1E7A4F7556}") = "Base.HttpApi.Client", "modules\base\src\Base.HttpApi.Client\Base.HttpApi.Client.csproj", "{7859246D-5E9A-45B3-9027-2D8F4B022886}"
EndProject
Project("{9A19103F-16F7-4668-BE54-9A1E7A4F7556}") = "Base.MongoDB", "modules\base\src\Base.MongoDB\Base.MongoDB.csproj", "{D055808E-A5E8-453A-8184-471540A89F28}"
EndProject
Project("{9A19103F-16F7-4668-BE54-9A1E7A4F7556}") = "AdminApiGateway.Host", "gateways\AdminApiGateway.Host\AdminApiGateway.Host.csproj", "{D37E0421-1035-4D83-8A61-346057A83453}"
EndProject
Project("{9A19103F-16F7-4668-BE54-9A1E7A4F7556}") = "Base.Host.Shared", "modules\base\host\Base.Host.Shared\Base.Host.Shared.csproj", "{21A7E13E-8434-4291-BCA7-85D765CBAA74}"
EndProject
Project("{9A19103F-16F7-4668-BE54-9A1E7A4F7556}") = "Base.UI", "modules\base\src\Base.UI\Base.UI.csproj", "{A584609F-445D-4D46-A9F7-64316B002E32}"
EndProject
Project("{2150E333-8FDC-42A3-9474-1A3956D46DE8}") = "public", "public", "{5C76B8DF-FA09-4035-9C63-2AC5367CCDE4}"
EndProject
Project("{9A19103F-16F7-4668-BE54-9A1E7A4F7556}") = "Unite", "modules\public\Unite\Unite.csproj", "{E5E1201F-E6AB-460A-A132-BA7843635F2D}"
EndProject
Project("{2150E333-8FDC-42A3-9474-1A3956D46DE8}") = "applications", "applications", "{86DBA2ED-473A-4FD5-A485-E5818C12A699}"
EndProject
Project("{9A19103F-16F7-4668-BE54-9A1E7A4F7556}") = "Base.HttpApi.Host", "modules\base\host\Base.HttpApi.Host\Base.HttpApi.Host.csproj", "{C3431367-3188-42DE-BD88-0AD1BB437D77}"
EndProject
Project("{9A19103F-16F7-4668-BE54-9A1E7A4F7556}") = "Base.IdentityServer", "modules\base\host\Base.IdentityServer\Base.IdentityServer.csproj", "{B32416FB-0CFD-4463-8B0D-EA099483DD01}"
EndProject
Global
	GlobalSection(SolutionConfigurationPlatforms) = preSolution
		Debug|Any CPU = Debug|Any CPU
		Release|Any CPU = Release|Any CPU
	EndGlobalSection
	GlobalSection(ProjectConfigurationPlatforms) = postSolution
		{8E5FC2D5-7C53-41A2-9AC7-1F2B19713A96}.Debug|Any CPU.ActiveCfg = Debug|Any CPU
		{8E5FC2D5-7C53-41A2-9AC7-1F2B19713A96}.Debug|Any CPU.Build.0 = Debug|Any CPU
		{8E5FC2D5-7C53-41A2-9AC7-1F2B19713A96}.Release|Any CPU.ActiveCfg = Release|Any CPU
		{8E5FC2D5-7C53-41A2-9AC7-1F2B19713A96}.Release|Any CPU.Build.0 = Release|Any CPU
		{6C164177-4D85-41F8-9515-D9AC8D22B2F5}.Debug|Any CPU.ActiveCfg = Debug|Any CPU
		{6C164177-4D85-41F8-9515-D9AC8D22B2F5}.Debug|Any CPU.Build.0 = Debug|Any CPU
		{6C164177-4D85-41F8-9515-D9AC8D22B2F5}.Release|Any CPU.ActiveCfg = Release|Any CPU
		{6C164177-4D85-41F8-9515-D9AC8D22B2F5}.Release|Any CPU.Build.0 = Release|Any CPU
		{25E37E75-0F66-4620-8060-8D1879FCADFE}.Debug|Any CPU.ActiveCfg = Debug|Any CPU
		{25E37E75-0F66-4620-8060-8D1879FCADFE}.Debug|Any CPU.Build.0 = Debug|Any CPU
		{25E37E75-0F66-4620-8060-8D1879FCADFE}.Release|Any CPU.ActiveCfg = Release|Any CPU
		{25E37E75-0F66-4620-8060-8D1879FCADFE}.Release|Any CPU.Build.0 = Release|Any CPU
		{49A7EE8C-6BA3-484E-AEC8-9C88BEAEE53C}.Debug|Any CPU.ActiveCfg = Debug|Any CPU
		{49A7EE8C-6BA3-484E-AEC8-9C88BEAEE53C}.Debug|Any CPU.Build.0 = Debug|Any CPU
		{49A7EE8C-6BA3-484E-AEC8-9C88BEAEE53C}.Release|Any CPU.ActiveCfg = Release|Any CPU
		{49A7EE8C-6BA3-484E-AEC8-9C88BEAEE53C}.Release|Any CPU.Build.0 = Release|Any CPU
		{4D14A575-C5DF-4B2B-9C6A-94AA06BE9963}.Debug|Any CPU.ActiveCfg = Debug|Any CPU
		{4D14A575-C5DF-4B2B-9C6A-94AA06BE9963}.Debug|Any CPU.Build.0 = Debug|Any CPU
		{4D14A575-C5DF-4B2B-9C6A-94AA06BE9963}.Release|Any CPU.ActiveCfg = Release|Any CPU
		{4D14A575-C5DF-4B2B-9C6A-94AA06BE9963}.Release|Any CPU.Build.0 = Release|Any CPU
		{547E2719-D457-4E66-A502-A69FE7FE924A}.Debug|Any CPU.ActiveCfg = Debug|Any CPU
		{547E2719-D457-4E66-A502-A69FE7FE924A}.Debug|Any CPU.Build.0 = Debug|Any CPU
		{547E2719-D457-4E66-A502-A69FE7FE924A}.Release|Any CPU.ActiveCfg = Release|Any CPU
		{547E2719-D457-4E66-A502-A69FE7FE924A}.Release|Any CPU.Build.0 = Release|Any CPU
		{7859246D-5E9A-45B3-9027-2D8F4B022886}.Debug|Any CPU.ActiveCfg = Debug|Any CPU
		{7859246D-5E9A-45B3-9027-2D8F4B022886}.Debug|Any CPU.Build.0 = Debug|Any CPU
		{7859246D-5E9A-45B3-9027-2D8F4B022886}.Release|Any CPU.ActiveCfg = Release|Any CPU
		{7859246D-5E9A-45B3-9027-2D8F4B022886}.Release|Any CPU.Build.0 = Release|Any CPU
		{D055808E-A5E8-453A-8184-471540A89F28}.Debug|Any CPU.ActiveCfg = Debug|Any CPU
		{D055808E-A5E8-453A-8184-471540A89F28}.Debug|Any CPU.Build.0 = Debug|Any CPU
		{D055808E-A5E8-453A-8184-471540A89F28}.Release|Any CPU.ActiveCfg = Release|Any CPU
		{D055808E-A5E8-453A-8184-471540A89F28}.Release|Any CPU.Build.0 = Release|Any CPU
		{D37E0421-1035-4D83-8A61-346057A83453}.Debug|Any CPU.ActiveCfg = Debug|Any CPU
		{D37E0421-1035-4D83-8A61-346057A83453}.Debug|Any CPU.Build.0 = Debug|Any CPU
		{D37E0421-1035-4D83-8A61-346057A83453}.Release|Any CPU.ActiveCfg = Release|Any CPU
		{D37E0421-1035-4D83-8A61-346057A83453}.Release|Any CPU.Build.0 = Release|Any CPU
		{21A7E13E-8434-4291-BCA7-85D765CBAA74}.Debug|Any CPU.ActiveCfg = Debug|Any CPU
		{21A7E13E-8434-4291-BCA7-85D765CBAA74}.Debug|Any CPU.Build.0 = Debug|Any CPU
		{21A7E13E-8434-4291-BCA7-85D765CBAA74}.Release|Any CPU.ActiveCfg = Release|Any CPU
		{21A7E13E-8434-4291-BCA7-85D765CBAA74}.Release|Any CPU.Build.0 = Release|Any CPU
		{A584609F-445D-4D46-A9F7-64316B002E32}.Debug|Any CPU.ActiveCfg = Debug|Any CPU
		{A584609F-445D-4D46-A9F7-64316B002E32}.Debug|Any CPU.Build.0 = Debug|Any CPU
		{A584609F-445D-4D46-A9F7-64316B002E32}.Release|Any CPU.ActiveCfg = Release|Any CPU
		{A584609F-445D-4D46-A9F7-64316B002E32}.Release|Any CPU.Build.0 = Release|Any CPU
		{E5E1201F-E6AB-460A-A132-BA7843635F2D}.Debug|Any CPU.ActiveCfg = Debug|Any CPU
		{E5E1201F-E6AB-460A-A132-BA7843635F2D}.Debug|Any CPU.Build.0 = Debug|Any CPU
		{E5E1201F-E6AB-460A-A132-BA7843635F2D}.Release|Any CPU.ActiveCfg = Release|Any CPU
		{E5E1201F-E6AB-460A-A132-BA7843635F2D}.Release|Any CPU.Build.0 = Release|Any CPU
		{C3431367-3188-42DE-BD88-0AD1BB437D77}.Debug|Any CPU.ActiveCfg = Debug|Any CPU
		{C3431367-3188-42DE-BD88-0AD1BB437D77}.Debug|Any CPU.Build.0 = Debug|Any CPU
		{C3431367-3188-42DE-BD88-0AD1BB437D77}.Release|Any CPU.ActiveCfg = Release|Any CPU
		{C3431367-3188-42DE-BD88-0AD1BB437D77}.Release|Any CPU.Build.0 = Release|Any CPU
		{B32416FB-0CFD-4463-8B0D-EA099483DD01}.Debug|Any CPU.ActiveCfg = Debug|Any CPU
		{B32416FB-0CFD-4463-8B0D-EA099483DD01}.Debug|Any CPU.Build.0 = Debug|Any CPU
		{B32416FB-0CFD-4463-8B0D-EA099483DD01}.Release|Any CPU.ActiveCfg = Release|Any CPU
		{B32416FB-0CFD-4463-8B0D-EA099483DD01}.Release|Any CPU.Build.0 = Release|Any CPU
	EndGlobalSection
	GlobalSection(SolutionProperties) = preSolution
		HideSolutionNode = FALSE
	EndGlobalSection
	GlobalSection(NestedProjects) = preSolution
		{F8C4C8E3-96CB-4027-942C-0D42DCA019EE} = {AF2E3F2B-F76C-4954-B985-34C7A94D4313}
		{8E5FC2D5-7C53-41A2-9AC7-1F2B19713A96} = {F8C4C8E3-96CB-4027-942C-0D42DCA019EE}
		{6C164177-4D85-41F8-9515-D9AC8D22B2F5} = {F8C4C8E3-96CB-4027-942C-0D42DCA019EE}
		{25E37E75-0F66-4620-8060-8D1879FCADFE} = {F8C4C8E3-96CB-4027-942C-0D42DCA019EE}
		{49A7EE8C-6BA3-484E-AEC8-9C88BEAEE53C} = {F8C4C8E3-96CB-4027-942C-0D42DCA019EE}
		{4D14A575-C5DF-4B2B-9C6A-94AA06BE9963} = {F8C4C8E3-96CB-4027-942C-0D42DCA019EE}
		{547E2719-D457-4E66-A502-A69FE7FE924A} = {F8C4C8E3-96CB-4027-942C-0D42DCA019EE}
		{7859246D-5E9A-45B3-9027-2D8F4B022886} = {F8C4C8E3-96CB-4027-942C-0D42DCA019EE}
		{D055808E-A5E8-453A-8184-471540A89F28} = {F8C4C8E3-96CB-4027-942C-0D42DCA019EE}
		{D37E0421-1035-4D83-8A61-346057A83453} = {F6344E92-AF18-4669-9025-4C6A6E3DDA0F}
		{21A7E13E-8434-4291-BCA7-85D765CBAA74} = {F8C4C8E3-96CB-4027-942C-0D42DCA019EE}
		{A584609F-445D-4D46-A9F7-64316B002E32} = {F8C4C8E3-96CB-4027-942C-0D42DCA019EE}
		{5C76B8DF-FA09-4035-9C63-2AC5367CCDE4} = {AF2E3F2B-F76C-4954-B985-34C7A94D4313}
		{E5E1201F-E6AB-460A-A132-BA7843635F2D} = {5C76B8DF-FA09-4035-9C63-2AC5367CCDE4}
		{C3431367-3188-42DE-BD88-0AD1BB437D77} = {86DBA2ED-473A-4FD5-A485-E5818C12A699}
		{B32416FB-0CFD-4463-8B0D-EA099483DD01} = {86DBA2ED-473A-4FD5-A485-E5818C12A699}
	EndGlobalSection
	GlobalSection(ExtensibilityGlobals) = postSolution
		SolutionGuid = {B0467B0B-FDE1-4B11-8A03-4F1E0EB5CF7D}
	EndGlobalSection
EndGlobal
